// !$*UTF8*$!
{
	archiveVersion = 1;
	classes = {
	};
	objectVersion = 45;
	objects = {

/* Begin PBXBuildFile section */
		184F8D87146B9B81004A87DE /* MediaPlayer.framework in Frameworks */ = {isa = PBXBuildFile; fileRef = 184F8D86146B9B81004A87DE /* MediaPlayer.framework */; };
		184FCFBF1471F7D50082B51D /* AssetTablePicker.m in Sources */ = {isa = PBXBuildFile; fileRef = 184FCFBE1471F7D50082B51D /* AssetTablePicker.m */; };
		184FCFC31471F7EB0082B51D /* Thumbnail.m in Sources */ = {isa = PBXBuildFile; fileRef = 184FCFC21471F7EB0082B51D /* Thumbnail.m */; };
		184FCFCC1471FE410082B51D /* tagManagementController.m in Sources */ = {isa = PBXBuildFile; fileRef = 184FCFCB1471FE410082B51D /* tagManagementController.m */; };
		184FCFF4147202A00082B51D /* selectOverlay.png in Resources */ = {isa = PBXBuildFile; fileRef = 184FCFF3147202A00082B51D /* selectOverlay.png */; };
		184FCFF6147202A70082B51D /* selectOverlay@2x.png in Resources */ = {isa = PBXBuildFile; fileRef = 184FCFF5147202A70082B51D /* selectOverlay@2x.png */; };
		184FCFF9147202D70082B51D /* ThumbnailCell.m in Sources */ = {isa = PBXBuildFile; fileRef = 184FCFF8147202D70082B51D /* ThumbnailCell.m */; };
		184FD004147208F20082B51D /* AnimaSelectController.m in Sources */ = {isa = PBXBuildFile; fileRef = 184FD003147208F20082B51D /* AnimaSelectController.m */; };
		184FD006147208F90082B51D /* AnimaSelectController.xib in Resources */ = {isa = PBXBuildFile; fileRef = 184FD005147208F90082B51D /* AnimaSelectController.xib */; };
		1861AAB814986FC400C537FE /* VED.png in Resources */ = {isa = PBXBuildFile; fileRef = 1861AAB714986FC400C537FE /* VED.png */; };
		1861AAD21498ACA900C537FE /* ji.png in Resources */ = {isa = PBXBuildFile; fileRef = 1861AAD11498ACA900C537FE /* ji.png */; };
		18696E8B147A217100302EB8 /* Settings.bundle in Resources */ = {isa = PBXBuildFile; fileRef = 18696E8A147A217100302EB8 /* Settings.bundle */; };
		186BF9BF1470AEB500961C67 /* AlbumController.xib in Resources */ = {isa = PBXBuildFile; fileRef = 186BF9C01470AEB500961C67 /* AlbumController.xib */; };
		18D402821474E50000389097 /* Localizable.strings in Resources */ = {isa = PBXBuildFile; fileRef = 18D402841474E50000389097 /* Localizable.strings */; };
		18D402901474E55900389097 /* InfoPlist.strings in Resources */ = {isa = PBXBuildFile; fileRef = 18D402921474E55900389097 /* InfoPlist.strings */; };
		18D402981474E5F500389097 /* PhotoApp-Info.plist in Resources */ = {isa = PBXBuildFile; fileRef = 18D402971474E5F500389097 /* PhotoApp-Info.plist */; };
		18D4031C1474FC9A00389097 /* AssetTablePicker.xib in Resources */ = {isa = PBXBuildFile; fileRef = 18D4031E1474FC9A00389097 /* AssetTablePicker.xib */; };
		18D403211474FCDA00389097 /* PlaylistDetailController.xib in Resources */ = {isa = PBXBuildFile; fileRef = 18D403231474FCDA00389097 /* PlaylistDetailController.xib */; };
		18D4033A1474FF5A00389097 /* tagManagementController.xib in Resources */ = {isa = PBXBuildFile; fileRef = 18D403391474FF5900389097 /* tagManagementController.xib */; };
		1D3623260D0F684500981E51 /* PhotoAppDelegate.m in Sources */ = {isa = PBXBuildFile; fileRef = 1D3623250D0F684500981E51 /* PhotoAppDelegate.m */; };
		1D60589B0D05DD56006BFB54 /* main.m in Sources */ = {isa = PBXBuildFile; fileRef = 29B97316FDCFA39411CA2CEA /* main.m */; };
		1D60589F0D05DD5A006BFB54 /* Foundation.framework in Frameworks */ = {isa = PBXBuildFile; fileRef = 1D30AB110D05D00D00671497 /* Foundation.framework */; };
		1DF5F4E00D08C38300B7A737 /* UIKit.framework in Frameworks */ = {isa = PBXBuildFile; fileRef = 1DF5F4DF0D08C38300B7A737 /* UIKit.framework */; };
		288765A50DF7441C002DB57D /* CoreGraphics.framework in Frameworks */ = {isa = PBXBuildFile; fileRef = 288765A40DF7441C002DB57D /* CoreGraphics.framework */; };
		844C363813FA73E5000510AF /* libsqlite3.dylib in Frameworks */ = {isa = PBXBuildFile; fileRef = 844C363713FA73E5000510AF /* libsqlite3.dylib */; };
		84F099D613EE801C0095FAEB /* MessageUI.framework in Frameworks */ = {isa = PBXBuildFile; fileRef = 84F099D513EE801C0095FAEB /* MessageUI.framework */; };
		A100BFB714455FE300D85BD6 /* left.png in Resources */ = {isa = PBXBuildFile; fileRef = A100BFB314455FE300D85BD6 /* left.png */; };
		A100BFB814455FE300D85BD6 /* left@2x.png in Resources */ = {isa = PBXBuildFile; fileRef = A100BFB414455FE300D85BD6 /* left@2x.png */; };
		A100BFB914455FE300D85BD6 /* right.png in Resources */ = {isa = PBXBuildFile; fileRef = A100BFB514455FE300D85BD6 /* right.png */; };
		A100BFBA14455FE300D85BD6 /* right@2x.png in Resources */ = {isa = PBXBuildFile; fileRef = A100BFB614455FE300D85BD6 /* right@2x.png */; };
		A10F000114593E7A00D007F3 /* playlist.png in Resources */ = {isa = PBXBuildFile; fileRef = A10F000014593E7A00D007F3 /* playlist.png */; };
		A10F000314593E7F00D007F3 /* albums.png in Resources */ = {isa = PBXBuildFile; fileRef = A10F000214593E7F00D007F3 /* albums.png */; };
		A10F59FF1468E8F100A0AC22 /* Selected.png in Resources */ = {isa = PBXBuildFile; fileRef = A10F59FD1468E8F100A0AC22 /* Selected.png */; };
		A10F5A001468E8F100A0AC22 /* Unselected.png in Resources */ = {isa = PBXBuildFile; fileRef = A10F59FE1468E8F100A0AC22 /* Unselected.png */; };
		A10FFFFF14593E3F00D007F3 /* person.png in Resources */ = {isa = PBXBuildFile; fileRef = A10FFFFE14593E3F00D007F3 /* person.png */; };
		A1111478147515F900AD57D0 /* empty1.png in Resources */ = {isa = PBXBuildFile; fileRef = A1111477147515F900AD57D0 /* empty1.png */; };
		A11401C51440016F007B4B95 /* logo.jpg in Resources */ = {isa = PBXBuildFile; fileRef = A11401C41440016F007B4B95 /* logo.jpg */; };
		A11769C214873E1A00379474 /* AlbumClass.m in Sources */ = {isa = PBXBuildFile; fileRef = A11769C114873E1A00379474 /* AlbumClass.m */; };
		A11769CC1487576500379474 /* AssetRef.m in Sources */ = {isa = PBXBuildFile; fileRef = A11769CB1487576400379474 /* AssetRef.m */; };
		A1176A4B1487ABC800379474 /* PlaylistRootViewController.m in Sources */ = {isa = PBXBuildFile; fileRef = A1176A491487ABC300379474 /* PlaylistRootViewController.m */; };
		A1176A501487ABEC00379474 /* PersonRootViewController.m in Sources */ = {isa = PBXBuildFile; fileRef = A1176A4E1487ABE700379474 /* PersonRootViewController.m */; };
		A1176A5F1487B14000379474 /* AssetProducer.m in Sources */ = {isa = PBXBuildFile; fileRef = A1176A5C1487B14000379474 /* AssetProducer.m */; };
		A1176A601487B14000379474 /* PlaylistProducer.m in Sources */ = {isa = PBXBuildFile; fileRef = A1176A5E1487B14000379474 /* PlaylistProducer.m */; };
		A125B6A114A18CB8002A9CFB /* GridView.m in Sources */ = {isa = PBXBuildFile; fileRef = A125B6A014A18CB8002A9CFB /* GridView.m */; };
		A12AB1EB14974D030086C88D /* CropView.m in Sources */ = {isa = PBXBuildFile; fileRef = A12AB1EA14974D020086C88D /* CropView.m */; };
		A138EE1D1487B2440019BF7D /* AlbumController.m in Sources */ = {isa = PBXBuildFile; fileRef = A138EE1C1487B2440019BF7D /* AlbumController.m */; };
		A14291D0142B201500A1B4B4 /* AddressBook.framework in Frameworks */ = {isa = PBXBuildFile; fileRef = A14291CF142B201500A1B4B4 /* AddressBook.framework */; };
		A14291D3142B203A00A1B4B4 /* AddressBookUI.framework in Frameworks */ = {isa = PBXBuildFile; fileRef = A14291D2142B203A00A1B4B4 /* AddressBookUI.framework */; };
		A153D5C614A2DE710060840D /* tag.png in Resources */ = {isa = PBXBuildFile; fileRef = A153D5C514A2DE710060840D /* tag.png */; };
		A15C2AC21492098F00DC5339 /* AVFoundation.framework in Frameworks */ = {isa = PBXBuildFile; fileRef = A15C2AC11492098F00DC5339 /* AVFoundation.framework */; };
		A1DAD45F14983C3600004688 /* refresh.png in Resources */ = {isa = PBXBuildFile; fileRef = A1DAD45E14983C3600004688 /* refresh.png */; };
		A1DAD46314983C7C00004688 /* wrench.png in Resources */ = {isa = PBXBuildFile; fileRef = A1DAD46214983C7C00004688 /* wrench.png */; };
		A1EF3DAF14441A640087972B /* PhotoImageView.m in Sources */ = {isa = PBXBuildFile; fileRef = A1EF3DAA14441A640087972B /* PhotoImageView.m */; };
		A1EF3DB014441A640087972B /* PhotoScrollView.m in Sources */ = {isa = PBXBuildFile; fileRef = A1EF3DAC14441A640087972B /* PhotoScrollView.m */; };
		A1EF3DC314441E900087972B /* QuartzCore.framework in Frameworks */ = {isa = PBXBuildFile; fileRef = A1EF3DC214441E900087972B /* QuartzCore.framework */; };
		A1F1FFAA146007F9005FAB2F /* PopupPanelView.m in Sources */ = {isa = PBXBuildFile; fileRef = A1F1FFA2146007F9005FAB2F /* PopupPanelView.m */; };
		A1F1FFB014600813005FAB2F /* DBOperation.m in Sources */ = {isa = PBXBuildFile; fileRef = A1F1FFAF14600813005FAB2F /* DBOperation.m */; };
		A1F7E816148C9BBF0088F366 /* MainWindow.xib in Resources */ = {isa = PBXBuildFile; fileRef = A1F7E814148C9BBF0088F366 /* MainWindow.xib */; };
		A1F7E818148C9BCB0088F366 /* MainWindow.xib in Resources */ = {isa = PBXBuildFile; fileRef = A1F7E814148C9BBF0088F366 /* MainWindow.xib */; };
		A1F7E81A148C9BF60088F366 /* MainWindow.xib in Resources */ = {isa = PBXBuildFile; fileRef = A1F7E814148C9BBF0088F366 /* MainWindow.xib */; };
		A1F7E822148C9E940088F366 /* MainWindow.xib in Resources */ = {isa = PBXBuildFile; fileRef = A1F7E814148C9BBF0088F366 /* MainWindow.xib */; };
		A1F7E84B148CB5F90088F366 /* PhotoViewController.m in Sources */ = {isa = PBXBuildFile; fileRef = A1F7E84A148CB5F90088F366 /* PhotoViewController.m */; };
		A1F82E851462909100BED207 /* PlaylistDetailController.m in Sources */ = {isa = PBXBuildFile; fileRef = A1F82E841462909100BED207 /* PlaylistDetailController.m */; };
		A1F9E5961428671E00A69E49 /* tagOverlay.png in Resources */ = {isa = PBXBuildFile; fileRef = A1F9E5951428671E00A69E49 /* tagOverlay.png */; };
		A1FF8E351484D39B00D7521C /* MyNSOperation.m in Sources */ = {isa = PBXBuildFile; fileRef = A1FF8E341484D39B00D7521C /* MyNSOperation.m */; };
		E29A5E3C1239C42A008BB149 /* AssetsLibrary.framework in Frameworks */ = {isa = PBXBuildFile; fileRef = E29A5E3B1239C42A008BB149 /* AssetsLibrary.framework */; };
/* End PBXBuildFile section */

/* Begin PBXFileReference section */
		184F8D86146B9B81004A87DE /* MediaPlayer.framework */ = {isa = PBXFileReference; lastKnownFileType = wrapper.framework; name = MediaPlayer.framework; path = System/Library/Frameworks/MediaPlayer.framework; sourceTree = SDKROOT; };
		184FCFBE1471F7D50082B51D /* AssetTablePicker.m */ = {isa = PBXFileReference; fileEncoding = 4; lastKnownFileType = sourcecode.c.objc; path = AssetTablePicker.m; sourceTree = "<group>"; };
		184FCFC01471F7DC0082B51D /* AssetTablePicker.h */ = {isa = PBXFileReference; fileEncoding = 4; lastKnownFileType = sourcecode.c.h; path = AssetTablePicker.h; sourceTree = "<group>"; };
		184FCFC11471F7E60082B51D /* Thumbnail.h */ = {isa = PBXFileReference; fileEncoding = 4; lastKnownFileType = sourcecode.c.h; path = Thumbnail.h; sourceTree = "<group>"; };
		184FCFC21471F7EB0082B51D /* Thumbnail.m */ = {isa = PBXFileReference; fileEncoding = 4; lastKnownFileType = sourcecode.c.objc; path = Thumbnail.m; sourceTree = "<group>"; };
		184FCFC81471FD990082B51D /* tagManagementController.h */ = {isa = PBXFileReference; fileEncoding = 4; lastKnownFileType = sourcecode.c.h; path = tagManagementController.h; sourceTree = "<group>"; };
		184FCFCB1471FE410082B51D /* tagManagementController.m */ = {isa = PBXFileReference; fileEncoding = 4; lastKnownFileType = sourcecode.c.objc; path = tagManagementController.m; sourceTree = "<group>"; };
		184FCFF3147202A00082B51D /* selectOverlay.png */ = {isa = PBXFileReference; lastKnownFileType = image.png; path = selectOverlay.png; sourceTree = "<group>"; };
		184FCFF5147202A70082B51D /* selectOverlay@2x.png */ = {isa = PBXFileReference; lastKnownFileType = image.png; path = "selectOverlay@2x.png"; sourceTree = "<group>"; };
		184FCFF7147202D00082B51D /* ThumbnailCell.h */ = {isa = PBXFileReference; fileEncoding = 4; lastKnownFileType = sourcecode.c.h; path = ThumbnailCell.h; sourceTree = "<group>"; };
		184FCFF8147202D70082B51D /* ThumbnailCell.m */ = {isa = PBXFileReference; fileEncoding = 4; lastKnownFileType = sourcecode.c.objc; path = ThumbnailCell.m; sourceTree = "<group>"; };
		184FD002147208E90082B51D /* AnimaSelectController.h */ = {isa = PBXFileReference; fileEncoding = 4; lastKnownFileType = sourcecode.c.h; path = AnimaSelectController.h; sourceTree = "<group>"; };
		184FD003147208F20082B51D /* AnimaSelectController.m */ = {isa = PBXFileReference; fileEncoding = 4; lastKnownFileType = sourcecode.c.objc; path = AnimaSelectController.m; sourceTree = "<group>"; };
		184FD005147208F90082B51D /* AnimaSelectController.xib */ = {isa = PBXFileReference; fileEncoding = 4; lastKnownFileType = file.xib; name = AnimaSelectController.xib; path = Classes/AnimaSelectController.xib; sourceTree = "<group>"; };
		1861AAB714986FC400C537FE /* VED.png */ = {isa = PBXFileReference; lastKnownFileType = image.png; path = VED.png; sourceTree = "<group>"; };
		1861AAD11498ACA900C537FE /* ji.png */ = {isa = PBXFileReference; lastKnownFileType = image.png; path = ji.png; sourceTree = "<group>"; };
		18696E8A147A217100302EB8 /* Settings.bundle */ = {isa = PBXFileReference; lastKnownFileType = "wrapper.plug-in"; path = Settings.bundle; sourceTree = "<group>"; };
		186BF9C01470AEB500961C67 /* AlbumController.xib */ = {isa = PBXFileReference; lastKnownFileType = file.xib; name = AlbumController.xib; path = Classes/AlbumController.xib; sourceTree = "<group>"; };
		18D402831474E50000389097 /* en */ = {isa = PBXFileReference; lastKnownFileType = text.plist.strings; name = en; path = en.lproj/Localizable.strings; sourceTree = "<group>"; };
		18D402851474E50800389097 /* zh-Hans */ = {isa = PBXFileReference; fileEncoding = 30; lastKnownFileType = text.plist.strings; name = "zh-Hans"; path = "zh-Hans.lproj/Localizable.strings"; sourceTree = "<group>"; };
		18D402911474E55900389097 /* en */ = {isa = PBXFileReference; lastKnownFileType = text.plist.strings; name = en; path = en.lproj/InfoPlist.strings; sourceTree = "<group>"; };
		18D402931474E55F00389097 /* zh-Hans */ = {isa = PBXFileReference; lastKnownFileType = text.plist.strings; name = "zh-Hans"; path = "zh-Hans.lproj/InfoPlist.strings"; sourceTree = "<group>"; };
		18D402941474E58F00389097 /* en */ = {isa = PBXFileReference; lastKnownFileType = text.plist.xml; name = en; path = "en.lproj/PhotoApp-Info.plist"; sourceTree = "<group>"; };
		18D402961474E59400389097 /* zh-Hans */ = {isa = PBXFileReference; lastKnownFileType = text.plist.xml; name = "zh-Hans"; path = "zh-Hans.lproj/PhotoApp-Info.plist"; sourceTree = "<group>"; };
		18D402971474E5F500389097 /* PhotoApp-Info.plist */ = {isa = PBXFileReference; fileEncoding = 4; lastKnownFileType = text.plist.xml; path = "PhotoApp-Info.plist"; sourceTree = "<group>"; };
		18D4031D1474FC9A00389097 /* en */ = {isa = PBXFileReference; lastKnownFileType = file.xib; name = en; path = en.lproj/AssetTablePicker.xib; sourceTree = "<group>"; };
		18D403201474FCA800389097 /* zh-Hans */ = {isa = PBXFileReference; lastKnownFileType = file.xib; name = "zh-Hans"; path = "zh-Hans.lproj/AssetTablePicker.xib"; sourceTree = "<group>"; };
		18D403221474FCDA00389097 /* en */ = {isa = PBXFileReference; lastKnownFileType = file.xib; name = en; path = en.lproj/PlaylistDetailController.xib; sourceTree = "<group>"; };
		18D403271474FD1000389097 /* zh-Hans */ = {isa = PBXFileReference; lastKnownFileType = file.xib; name = "zh-Hans"; path = "zh-Hans.lproj/PlaylistDetailController.xib"; sourceTree = "<group>"; };
		18D403391474FF5900389097 /* tagManagementController.xib */ = {isa = PBXFileReference; fileEncoding = 4; lastKnownFileType = file.xib; path = tagManagementController.xib; sourceTree = "<group>"; };
		18D4033B14750CC700389097 /* zh-Hant */ = {isa = PBXFileReference; lastKnownFileType = file.xib; name = "zh-Hant"; path = "zh-Hant.lproj/PlaylistDetailController.xib"; sourceTree = "<group>"; };
		18D4033D14750DCC00389097 /* zh-Hant */ = {isa = PBXFileReference; lastKnownFileType = text.plist.strings; name = "zh-Hant"; path = "zh-Hant.lproj/InfoPlist.strings"; sourceTree = "<group>"; };
		18D4033E14750DD200389097 /* zh-Hant */ = {isa = PBXFileReference; fileEncoding = 4; lastKnownFileType = text.plist.strings; name = "zh-Hant"; path = "zh-Hant.lproj/Localizable.strings"; sourceTree = "<group>"; };
		18D4033F14750DDA00389097 /* zh-Hant */ = {isa = PBXFileReference; lastKnownFileType = text.plist.xml; name = "zh-Hant"; path = "zh-Hant.lproj/PhotoApp-Info.plist"; sourceTree = "<group>"; };
		18D4034014750E5E00389097 /* zh-Hant */ = {isa = PBXFileReference; lastKnownFileType = file.xib; name = "zh-Hant"; path = "zh-Hant.lproj/AssetTablePicker.xib"; sourceTree = "<group>"; };
		1D30AB110D05D00D00671497 /* Foundation.framework */ = {isa = PBXFileReference; lastKnownFileType = wrapper.framework; name = Foundation.framework; path = System/Library/Frameworks/Foundation.framework; sourceTree = SDKROOT; };
		1D3623240D0F684500981E51 /* PhotoAppDelegate.h */ = {isa = PBXFileReference; fileEncoding = 4; lastKnownFileType = sourcecode.c.h; lineEnding = 0; path = PhotoAppDelegate.h; sourceTree = "<group>"; xcLanguageSpecificationIdentifier = xcode.lang.objcpp; };
		1D3623250D0F684500981E51 /* PhotoAppDelegate.m */ = {isa = PBXFileReference; fileEncoding = 4; lastKnownFileType = sourcecode.c.objc; lineEnding = 0; path = PhotoAppDelegate.m; sourceTree = "<group>"; xcLanguageSpecificationIdentifier = xcode.lang.objc; };
		1D6058910D05DD3D006BFB54 /* PhotoApp.app */ = {isa = PBXFileReference; explicitFileType = wrapper.application; includeInIndex = 0; path = PhotoApp.app; sourceTree = BUILT_PRODUCTS_DIR; };
		1DF5F4DF0D08C38300B7A737 /* UIKit.framework */ = {isa = PBXFileReference; lastKnownFileType = wrapper.framework; name = UIKit.framework; path = System/Library/Frameworks/UIKit.framework; sourceTree = SDKROOT; };
		288765A40DF7441C002DB57D /* CoreGraphics.framework */ = {isa = PBXFileReference; lastKnownFileType = wrapper.framework; name = CoreGraphics.framework; path = System/Library/Frameworks/CoreGraphics.framework; sourceTree = SDKROOT; };
		29B97316FDCFA39411CA2CEA /* main.m */ = {isa = PBXFileReference; fileEncoding = 4; lastKnownFileType = sourcecode.c.objc; lineEnding = 0; path = main.m; sourceTree = "<group>"; xcLanguageSpecificationIdentifier = xcode.lang.objc; };
		32CA4F630368D1EE00C91783 /* PhotoApp_Prefix.pch */ = {isa = PBXFileReference; fileEncoding = 4; lastKnownFileType = sourcecode.c.h; lineEnding = 0; path = PhotoApp_Prefix.pch; sourceTree = "<group>"; xcLanguageSpecificationIdentifier = xcode.lang.objc; };
		844C363713FA73E5000510AF /* libsqlite3.dylib */ = {isa = PBXFileReference; lastKnownFileType = "compiled.mach-o.dylib"; name = libsqlite3.dylib; path = usr/lib/libsqlite3.dylib; sourceTree = SDKROOT; };
		84F099D513EE801C0095FAEB /* MessageUI.framework */ = {isa = PBXFileReference; lastKnownFileType = wrapper.framework; name = MessageUI.framework; path = System/Library/Frameworks/MessageUI.framework; sourceTree = SDKROOT; };
		A100BFB314455FE300D85BD6 /* left.png */ = {isa = PBXFileReference; lastKnownFileType = image.png; path = left.png; sourceTree = "<group>"; };
		A100BFB414455FE300D85BD6 /* left@2x.png */ = {isa = PBXFileReference; lastKnownFileType = image.png; path = "left@2x.png"; sourceTree = "<group>"; };
		A100BFB514455FE300D85BD6 /* right.png */ = {isa = PBXFileReference; lastKnownFileType = image.png; path = right.png; sourceTree = "<group>"; };
		A100BFB614455FE300D85BD6 /* right@2x.png */ = {isa = PBXFileReference; lastKnownFileType = image.png; path = "right@2x.png"; sourceTree = "<group>"; };
		A10F000014593E7A00D007F3 /* playlist.png */ = {isa = PBXFileReference; lastKnownFileType = image.png; path = playlist.png; sourceTree = "<group>"; };
		A10F000214593E7F00D007F3 /* albums.png */ = {isa = PBXFileReference; lastKnownFileType = image.png; path = albums.png; sourceTree = "<group>"; };
		A10F59FD1468E8F100A0AC22 /* Selected.png */ = {isa = PBXFileReference; lastKnownFileType = image.png; path = Selected.png; sourceTree = "<group>"; };
		A10F59FE1468E8F100A0AC22 /* Unselected.png */ = {isa = PBXFileReference; lastKnownFileType = image.png; path = Unselected.png; sourceTree = "<group>"; };
		A10FFFFE14593E3F00D007F3 /* person.png */ = {isa = PBXFileReference; lastKnownFileType = image.png; path = person.png; sourceTree = "<group>"; };
		A1111477147515F900AD57D0 /* empty1.png */ = {isa = PBXFileReference; lastKnownFileType = image.png; path = empty1.png; sourceTree = "<group>"; };
		A11401C41440016F007B4B95 /* logo.jpg */ = {isa = PBXFileReference; lastKnownFileType = image.jpeg; path = logo.jpg; sourceTree = "<group>"; };
		A11769C014873E1A00379474 /* AlbumClass.h */ = {isa = PBXFileReference; fileEncoding = 4; lastKnownFileType = sourcecode.c.h; path = AlbumClass.h; sourceTree = "<group>"; };
		A11769C114873E1A00379474 /* AlbumClass.m */ = {isa = PBXFileReference; fileEncoding = 4; lastKnownFileType = sourcecode.c.objc; path = AlbumClass.m; sourceTree = "<group>"; };
		A11769CA1487576400379474 /* AssetRef.h */ = {isa = PBXFileReference; fileEncoding = 4; lastKnownFileType = sourcecode.c.h; path = AssetRef.h; sourceTree = "<group>"; };
		A11769CB1487576400379474 /* AssetRef.m */ = {isa = PBXFileReference; fileEncoding = 4; lastKnownFileType = sourcecode.c.objc; path = AssetRef.m; sourceTree = "<group>"; };
		A1176A481487ABC100379474 /* PlaylistRootViewController.h */ = {isa = PBXFileReference; fileEncoding = 4; lastKnownFileType = sourcecode.c.h; path = PlaylistRootViewController.h; sourceTree = "<group>"; };
		A1176A491487ABC300379474 /* PlaylistRootViewController.m */ = {isa = PBXFileReference; fileEncoding = 4; lastKnownFileType = sourcecode.c.objc; path = PlaylistRootViewController.m; sourceTree = "<group>"; };
		A1176A4D1487ABE500379474 /* PersonRootViewController.h */ = {isa = PBXFileReference; fileEncoding = 4; lastKnownFileType = sourcecode.c.h; path = PersonRootViewController.h; sourceTree = "<group>"; };
		A1176A4E1487ABE700379474 /* PersonRootViewController.m */ = {isa = PBXFileReference; fileEncoding = 4; lastKnownFileType = sourcecode.c.objc; path = PersonRootViewController.m; sourceTree = "<group>"; };
		A1176A5B1487B14000379474 /* AssetProducer.h */ = {isa = PBXFileReference; fileEncoding = 4; lastKnownFileType = sourcecode.c.h; path = AssetProducer.h; sourceTree = "<group>"; };
		A1176A5C1487B14000379474 /* AssetProducer.m */ = {isa = PBXFileReference; fileEncoding = 4; lastKnownFileType = sourcecode.c.objc; path = AssetProducer.m; sourceTree = "<group>"; };
		A1176A5D1487B14000379474 /* PlaylistProducer.h */ = {isa = PBXFileReference; fileEncoding = 4; lastKnownFileType = sourcecode.c.h; path = PlaylistProducer.h; sourceTree = "<group>"; };
		A1176A5E1487B14000379474 /* PlaylistProducer.m */ = {isa = PBXFileReference; fileEncoding = 4; lastKnownFileType = sourcecode.c.objc; path = PlaylistProducer.m; sourceTree = "<group>"; };
		A125B69F14A18CB8002A9CFB /* GridView.h */ = {isa = PBXFileReference; fileEncoding = 4; lastKnownFileType = sourcecode.c.h; path = GridView.h; sourceTree = "<group>"; };
		A125B6A014A18CB8002A9CFB /* GridView.m */ = {isa = PBXFileReference; fileEncoding = 4; lastKnownFileType = sourcecode.c.objc; path = GridView.m; sourceTree = "<group>"; };
		A12AB1E914974D020086C88D /* CropView.h */ = {isa = PBXFileReference; fileEncoding = 4; lastKnownFileType = sourcecode.c.h; path = CropView.h; sourceTree = "<group>"; };
		A12AB1EA14974D020086C88D /* CropView.m */ = {isa = PBXFileReference; fileEncoding = 4; lastKnownFileType = sourcecode.c.objc; path = CropView.m; sourceTree = "<group>"; };
		A138EE1B1487B2440019BF7D /* AlbumController.h */ = {isa = PBXFileReference; fileEncoding = 4; lastKnownFileType = sourcecode.c.h; name = AlbumController.h; path = ../AlbumController.h; sourceTree = "<group>"; };
		A138EE1C1487B2440019BF7D /* AlbumController.m */ = {isa = PBXFileReference; fileEncoding = 4; lastKnownFileType = sourcecode.c.objc; name = AlbumController.m; path = ../AlbumController.m; sourceTree = "<group>"; };
		A14291CF142B201500A1B4B4 /* AddressBook.framework */ = {isa = PBXFileReference; lastKnownFileType = wrapper.framework; name = AddressBook.framework; path = System/Library/Frameworks/AddressBook.framework; sourceTree = SDKROOT; };
		A14291D2142B203A00A1B4B4 /* AddressBookUI.framework */ = {isa = PBXFileReference; lastKnownFileType = wrapper.framework; name = AddressBookUI.framework; path = System/Library/Frameworks/AddressBookUI.framework; sourceTree = SDKROOT; };
		A153D5C514A2DE710060840D /* tag.png */ = {isa = PBXFileReference; lastKnownFileType = image.png; path = tag.png; sourceTree = "<group>"; };
		A15C2AC11492098F00DC5339 /* AVFoundation.framework */ = {isa = PBXFileReference; lastKnownFileType = wrapper.framework; name = AVFoundation.framework; path = System/Library/Frameworks/AVFoundation.framework; sourceTree = SDKROOT; };
		A1DAD45E14983C3600004688 /* refresh.png */ = {isa = PBXFileReference; lastKnownFileType = image.png; path = refresh.png; sourceTree = "<group>"; };
		A1DAD46214983C7C00004688 /* wrench.png */ = {isa = PBXFileReference; lastKnownFileType = image.png; path = wrench.png; sourceTree = "<group>"; };
		A1EF3DA914441A640087972B /* PhotoImageView.h */ = {isa = PBXFileReference; fileEncoding = 4; lastKnownFileType = sourcecode.c.h; lineEnding = 0; path = PhotoImageView.h; sourceTree = "<group>"; xcLanguageSpecificationIdentifier = xcode.lang.objcpp; };
		A1EF3DAA14441A640087972B /* PhotoImageView.m */ = {isa = PBXFileReference; fileEncoding = 4; lastKnownFileType = sourcecode.c.objc; lineEnding = 0; path = PhotoImageView.m; sourceTree = "<group>"; xcLanguageSpecificationIdentifier = xcode.lang.objc; };
		A1EF3DAB14441A640087972B /* PhotoScrollView.h */ = {isa = PBXFileReference; fileEncoding = 4; lastKnownFileType = sourcecode.c.h; lineEnding = 0; path = PhotoScrollView.h; sourceTree = "<group>"; xcLanguageSpecificationIdentifier = xcode.lang.objcpp; };
		A1EF3DAC14441A640087972B /* PhotoScrollView.m */ = {isa = PBXFileReference; fileEncoding = 4; lastKnownFileType = sourcecode.c.objc; lineEnding = 0; path = PhotoScrollView.m; sourceTree = "<group>"; xcLanguageSpecificationIdentifier = xcode.lang.objc; };
		A1EF3DB114441A840087972B /* PhotoViewController.h */ = {isa = PBXFileReference; fileEncoding = 4; lastKnownFileType = sourcecode.c.h; lineEnding = 0; path = PhotoViewController.h; sourceTree = "<group>"; xcLanguageSpecificationIdentifier = xcode.lang.objcpp; };
		A1EF3DC214441E900087972B /* QuartzCore.framework */ = {isa = PBXFileReference; lastKnownFileType = wrapper.framework; name = QuartzCore.framework; path = System/Library/Frameworks/QuartzCore.framework; sourceTree = SDKROOT; };
		A1F1FFA1146007F9005FAB2F /* PopupPanelView.h */ = {isa = PBXFileReference; fileEncoding = 4; lastKnownFileType = sourcecode.c.h; path = PopupPanelView.h; sourceTree = "<group>"; };
		A1F1FFA2146007F9005FAB2F /* PopupPanelView.m */ = {isa = PBXFileReference; fileEncoding = 4; lastKnownFileType = sourcecode.c.objc; path = PopupPanelView.m; sourceTree = "<group>"; };
		A1F1FFAE14600813005FAB2F /* DBOperation.h */ = {isa = PBXFileReference; fileEncoding = 4; lastKnownFileType = sourcecode.c.h; path = DBOperation.h; sourceTree = "<group>"; };
		A1F1FFAF14600813005FAB2F /* DBOperation.m */ = {isa = PBXFileReference; fileEncoding = 4; lastKnownFileType = sourcecode.c.objc; path = DBOperation.m; sourceTree = "<group>"; };
		A1F7E815148C9BBF0088F366 /* en */ = {isa = PBXFileReference; lastKnownFileType = file.xib; name = en; path = en.lproj/MainWindow.xib; sourceTree = "<group>"; };
		A1F7E819148C9BF60088F366 /* zh-Hant */ = {isa = PBXFileReference; lastKnownFileType = file.xib; name = "zh-Hant"; path = "zh-Hant.lproj/MainWindow.xib"; sourceTree = "<group>"; };
		A1F7E821148C9E940088F366 /* zh-Hans */ = {isa = PBXFileReference; lastKnownFileType = file.xib; name = "zh-Hans"; path = "zh-Hans.lproj/MainWindow.xib"; sourceTree = "<group>"; };
		A1F7E84A148CB5F90088F366 /* PhotoViewController.m */ = {isa = PBXFileReference; fileEncoding = 4; lastKnownFileType = sourcecode.c.objc; name = PhotoViewController.m; path = Classes/PhotoViewController.m; sourceTree = SOURCE_ROOT; };
		A1F82E831462909100BED207 /* PlaylistDetailController.h */ = {isa = PBXFileReference; fileEncoding = 4; lastKnownFileType = sourcecode.c.h; path = PlaylistDetailController.h; sourceTree = "<group>"; };
		A1F82E841462909100BED207 /* PlaylistDetailController.m */ = {isa = PBXFileReference; fileEncoding = 4; lastKnownFileType = sourcecode.c.objc; path = PlaylistDetailController.m; sourceTree = "<group>"; };
		A1F9E5951428671E00A69E49 /* tagOverlay.png */ = {isa = PBXFileReference; lastKnownFileType = image.png; name = tagOverlay.png; path = Classes/tagOverlay.png; sourceTree = "<group>"; };
		A1FF8E331484D39B00D7521C /* MyNSOperation.h */ = {isa = PBXFileReference; fileEncoding = 4; lastKnownFileType = sourcecode.c.h; path = MyNSOperation.h; sourceTree = "<group>"; };
		A1FF8E341484D39B00D7521C /* MyNSOperation.m */ = {isa = PBXFileReference; fileEncoding = 4; lastKnownFileType = sourcecode.c.objc; path = MyNSOperation.m; sourceTree = "<group>"; };
		E29A5E3B1239C42A008BB149 /* AssetsLibrary.framework */ = {isa = PBXFileReference; lastKnownFileType = wrapper.framework; name = AssetsLibrary.framework; path = System/Library/Frameworks/AssetsLibrary.framework; sourceTree = SDKROOT; };
/* End PBXFileReference section */

/* Begin PBXFrameworksBuildPhase section */
		1D60588F0D05DD3D006BFB54 /* Frameworks */ = {
			isa = PBXFrameworksBuildPhase;
			buildActionMask = 2147483647;
			files = (
				A15C2AC21492098F00DC5339 /* AVFoundation.framework in Frameworks */,
				184F8D87146B9B81004A87DE /* MediaPlayer.framework in Frameworks */,
				A1EF3DC314441E900087972B /* QuartzCore.framework in Frameworks */,
				A14291D3142B203A00A1B4B4 /* AddressBookUI.framework in Frameworks */,
				A14291D0142B201500A1B4B4 /* AddressBook.framework in Frameworks */,
				1DF5F4E00D08C38300B7A737 /* UIKit.framework in Frameworks */,
				288765A50DF7441C002DB57D /* CoreGraphics.framework in Frameworks */,
				E29A5E3C1239C42A008BB149 /* AssetsLibrary.framework in Frameworks */,
				1D60589F0D05DD5A006BFB54 /* Foundation.framework in Frameworks */,
				84F099D613EE801C0095FAEB /* MessageUI.framework in Frameworks */,
				844C363813FA73E5000510AF /* libsqlite3.dylib in Frameworks */,
			);
			runOnlyForDeploymentPostprocessing = 0;
		};
/* End PBXFrameworksBuildPhase section */

/* Begin PBXGroup section */
		080E96DDFE201D6D7F000001 /* Classes */ = {
			isa = PBXGroup;
			children = (
				29B97317FDCFA39411CA2CEA /* Resources */,
				A1FF8E311484D35400D7521C /* MyOperation */,
				A1397ED1147F7C0C00531FBF /* AssetModel */,
				1D3623240D0F684500981E51 /* PhotoAppDelegate.h */,
				1D3623250D0F684500981E51 /* PhotoAppDelegate.m */,
				A1F1FF9E146007ED005FAB2F /* TableView */,
				A1EF3DA3144419710087972B /* OnePhotoController */,
				A11CD1881427277B00B6824F /* DataBase */,
				8FBE5D87131DC988001603C7 /* Image Picker */,
			);
			path = Classes;
			sourceTree = "<group>";
		};
		19C28FACFE9D520D11CA2CBB /* Products */ = {
			isa = PBXGroup;
			children = (
				1D6058910D05DD3D006BFB54 /* PhotoApp.app */,
			);
			name = Products;
			sourceTree = "<group>";
		};
		29B97314FDCFA39411CA2CEA /* CustomTemplate */ = {
			isa = PBXGroup;
			children = (
				A1176A4D1487ABE500379474 /* PersonRootViewController.h */,
				A1176A4E1487ABE700379474 /* PersonRootViewController.m */,
				A1176A481487ABC100379474 /* PlaylistRootViewController.h */,
				A1176A491487ABC300379474 /* PlaylistRootViewController.m */,
				18696E8A147A217100302EB8 /* Settings.bundle */,
				080E96DDFE201D6D7F000001 /* Classes */,
				29B97315FDCFA39411CA2CEA /* Other Sources */,
				29B97323FDCFA39411CA2CEA /* Frameworks */,
				19C28FACFE9D520D11CA2CBB /* Products */,
			);
			name = CustomTemplate;
			sourceTree = "<group>";
			wrapsLines = 0;
		};
		29B97315FDCFA39411CA2CEA /* Other Sources */ = {
			isa = PBXGroup;
			children = (
				32CA4F630368D1EE00C91783 /* PhotoApp_Prefix.pch */,
				29B97316FDCFA39411CA2CEA /* main.m */,
			);
			name = "Other Sources";
			sourceTree = "<group>";
		};
		29B97317FDCFA39411CA2CEA /* Resources */ = {
			isa = PBXGroup;
			children = (
				A153D5C514A2DE710060840D /* tag.png */,
				A1DAD46214983C7C00004688 /* wrench.png */,
				A1DAD45E14983C3600004688 /* refresh.png */,
				1861AAD11498ACA900C537FE /* ji.png */,
				1861AAB714986FC400C537FE /* VED.png */,
				A1F7E814148C9BBF0088F366 /* MainWindow.xib */,
				A1111477147515F900AD57D0 /* empty1.png */,
				184FCFF3147202A00082B51D /* selectOverlay.png */,
				184FCFF5147202A70082B51D /* selectOverlay@2x.png */,
				18D403231474FCDA00389097 /* PlaylistDetailController.xib */,
				18D403391474FF5900389097 /* tagManagementController.xib */,
				184FD005147208F90082B51D /* AnimaSelectController.xib */,
				186BF9C01470AEB500961C67 /* AlbumController.xib */,
				18D4031E1474FC9A00389097 /* AssetTablePicker.xib */,
				A10F59FD1468E8F100A0AC22 /* Selected.png */,
				A10F59FE1468E8F100A0AC22 /* Unselected.png */,
				A10F000014593E7A00D007F3 /* playlist.png */,
				A100BFB314455FE300D85BD6 /* left.png */,
				A10F000214593E7F00D007F3 /* albums.png */,
				A10FFFFE14593E3F00D007F3 /* person.png */,
				A100BFB414455FE300D85BD6 /* left@2x.png */,
				A100BFB514455FE300D85BD6 /* right.png */,
				A100BFB614455FE300D85BD6 /* right@2x.png */,
				A11401C41440016F007B4B95 /* logo.jpg */,
				18D402971474E5F500389097 /* PhotoApp-Info.plist */,
				A1F9E5951428671E00A69E49 /* tagOverlay.png */,
				18D402951474E58F00389097 /* PhotoApp-Info.plist */,
				18D402841474E50000389097 /* Localizable.strings */,
				18D402921474E55900389097 /* InfoPlist.strings */,
			);
			name = Resources;
			path = ..;
			sourceTree = "<group>";
		};
		29B97323FDCFA39411CA2CEA /* Frameworks */ = {
			isa = PBXGroup;
			children = (
				A15C2AC11492098F00DC5339 /* AVFoundation.framework */,
				184F8D86146B9B81004A87DE /* MediaPlayer.framework */,
				A1EF3DC214441E900087972B /* QuartzCore.framework */,
				A14291D2142B203A00A1B4B4 /* AddressBookUI.framework */,
				A14291CF142B201500A1B4B4 /* AddressBook.framework */,
				E29A5E3B1239C42A008BB149 /* AssetsLibrary.framework */,
				288765A40DF7441C002DB57D /* CoreGraphics.framework */,
				1D30AB110D05D00D00671497 /* Foundation.framework */,
				1DF5F4DF0D08C38300B7A737 /* UIKit.framework */,
				84F099D513EE801C0095FAEB /* MessageUI.framework */,
				844C363713FA73E5000510AF /* libsqlite3.dylib */,
			);
			name = Frameworks;
			sourceTree = "<group>";
		};
		8FBE5D87131DC988001603C7 /* Image Picker */ = {
			isa = PBXGroup;
			children = (
				184FCFC01471F7DC0082B51D /* AssetTablePicker.h */,
				184FCFBE1471F7D50082B51D /* AssetTablePicker.m */,
				184FCFC11471F7E60082B51D /* Thumbnail.h */,
				184FCFC21471F7EB0082B51D /* Thumbnail.m */,
				184FCFF7147202D00082B51D /* ThumbnailCell.h */,
				184FCFF8147202D70082B51D /* ThumbnailCell.m */,
			);
			name = "Image Picker";
			sourceTree = "<group>";
		};
		A11CD1881427277B00B6824F /* DataBase */ = {
			isa = PBXGroup;
			children = (
				A1F1FFAE14600813005FAB2F /* DBOperation.h */,
				A1F1FFAF14600813005FAB2F /* DBOperation.m */,
			);
			name = DataBase;
			path = ..;
			sourceTree = "<group>";
		};
		A1397ED1147F7C0C00531FBF /* AssetModel */ = {
			isa = PBXGroup;
			children = (
				A1176A5B1487B14000379474 /* AssetProducer.h */,
				A1176A5C1487B14000379474 /* AssetProducer.m */,
				A1176A5D1487B14000379474 /* PlaylistProducer.h */,
				A1176A5E1487B14000379474 /* PlaylistProducer.m */,
				A11769C014873E1A00379474 /* AlbumClass.h */,
				A11769C114873E1A00379474 /* AlbumClass.m */,
				A11769CA1487576400379474 /* AssetRef.h */,
				A11769CB1487576400379474 /* AssetRef.m */,
			);
			name = AssetModel;
			sourceTree = "<group>";
		};
		A1EF3DA3144419710087972B /* OnePhotoController */ = {
			isa = PBXGroup;
			children = (
				A1EF3DB114441A840087972B /* PhotoViewController.h */,
				A1F7E84A148CB5F90088F366 /* PhotoViewController.m */,
				A1EF3DA914441A640087972B /* PhotoImageView.h */,
				A1EF3DAA14441A640087972B /* PhotoImageView.m */,
				A1EF3DAB14441A640087972B /* PhotoScrollView.h */,
				A1EF3DAC14441A640087972B /* PhotoScrollView.m */,
				A12AB1E914974D020086C88D /* CropView.h */,
				A12AB1EA14974D020086C88D /* CropView.m */,
				A125B69F14A18CB8002A9CFB /* GridView.h */,
				A125B6A014A18CB8002A9CFB /* GridView.m */,
			);
			name = OnePhotoController;
			sourceTree = "<group>";
		};
		A1F1FF9E146007ED005FAB2F /* TableView */ = {
			isa = PBXGroup;
			children = (
				A138EE1B1487B2440019BF7D /* AlbumController.h */,
				A138EE1C1487B2440019BF7D /* AlbumController.m */,
				184FCFC81471FD990082B51D /* tagManagementController.h */,
				184FCFCB1471FE410082B51D /* tagManagementController.m */,
				A1F1FFA1146007F9005FAB2F /* PopupPanelView.h */,
				A1F1FFA2146007F9005FAB2F /* PopupPanelView.m */,
				A1F82E831462909100BED207 /* PlaylistDetailController.h */,
				A1F82E841462909100BED207 /* PlaylistDetailController.m */,
				184FD002147208E90082B51D /* AnimaSelectController.h */,
				184FD003147208F20082B51D /* AnimaSelectController.m */,
			);
			name = TableView;
			sourceTree = "<group>";
		};
		A1FF8E311484D35400D7521C /* MyOperation */ = {
			isa = PBXGroup;
			children = (
				A1FF8E331484D39B00D7521C /* MyNSOperation.h */,
				A1FF8E341484D39B00D7521C /* MyNSOperation.m */,
			);
			name = MyOperation;
			sourceTree = "<group>";
		};
/* End PBXGroup section */

/* Begin PBXNativeTarget section */
		1D6058900D05DD3D006BFB54 /* PhotoApp */ = {
			isa = PBXNativeTarget;
			buildConfigurationList = 1D6058960D05DD3E006BFB54 /* Build configuration list for PBXNativeTarget "PhotoApp" */;
			buildPhases = (
				1D60588D0D05DD3D006BFB54 /* Resources */,
				1D60588E0D05DD3D006BFB54 /* Sources */,
				1D60588F0D05DD3D006BFB54 /* Frameworks */,
			);
			buildRules = (
			);
			dependencies = (
			);
			name = PhotoApp;
			productName = ELCImagePickerDemo;
			productReference = 1D6058910D05DD3D006BFB54 /* PhotoApp.app */;
			productType = "com.apple.product-type.application";
		};
/* End PBXNativeTarget section */

/* Begin PBXProject section */
		29B97313FDCFA39411CA2CEA /* Project object */ = {
			isa = PBXProject;
			attributes = {
				ORGANIZATIONNAME = chinarewards;
			};
			buildConfigurationList = C01FCF4E08A954540054247B /* Build configuration list for PBXProject "PhotoApp" */;
			compatibilityVersion = "Xcode 3.1";
			developmentRegion = English;
			hasScannedForEncodings = 1;
			knownRegions = (
				English,
				Japanese,
				French,
				German,
				"zh-Hans",
				zh,
				"zh-Hans-CN",
				"zh-Hant",
				en,
			);
			mainGroup = 29B97314FDCFA39411CA2CEA /* CustomTemplate */;
			projectDirPath = "";
			projectRoot = "";
			targets = (
				1D6058900D05DD3D006BFB54 /* PhotoApp */,
			);
		};
/* End PBXProject section */

/* Begin PBXResourcesBuildPhase section */
		1D60588D0D05DD3D006BFB54 /* Resources */ = {
			isa = PBXResourcesBuildPhase;
			buildActionMask = 2147483647;
			files = (
				A1F9E5961428671E00A69E49 /* tagOverlay.png in Resources */,
				A11401C51440016F007B4B95 /* logo.jpg in Resources */,
				A100BFB714455FE300D85BD6 /* left.png in Resources */,
				A100BFB814455FE300D85BD6 /* left@2x.png in Resources */,
				A100BFB914455FE300D85BD6 /* right.png in Resources */,
				A100BFBA14455FE300D85BD6 /* right@2x.png in Resources */,
				186BF9BF1470AEB500961C67 /* AlbumController.xib in Resources */,
				A10FFFFF14593E3F00D007F3 /* person.png in Resources */,
				A10F000114593E7A00D007F3 /* playlist.png in Resources */,
				A10F000314593E7F00D007F3 /* albums.png in Resources */,
				18D403211474FCDA00389097 /* PlaylistDetailController.xib in Resources */,
				A10F59FF1468E8F100A0AC22 /* Selected.png in Resources */,
				A10F5A001468E8F100A0AC22 /* Unselected.png in Resources */,
				18D4031C1474FC9A00389097 /* AssetTablePicker.xib in Resources */,
				184FCFF4147202A00082B51D /* selectOverlay.png in Resources */,
				184FCFF6147202A70082B51D /* selectOverlay@2x.png in Resources */,
				184FD006147208F90082B51D /* AnimaSelectController.xib in Resources */,
				18D402821474E50000389097 /* Localizable.strings in Resources */,
				18D402901474E55900389097 /* InfoPlist.strings in Resources */,
				18D402981474E5F500389097 /* PhotoApp-Info.plist in Resources */,
				18D4033A1474FF5A00389097 /* tagManagementController.xib in Resources */,
				A1111478147515F900AD57D0 /* empty1.png in Resources */,
				18696E8B147A217100302EB8 /* Settings.bundle in Resources */,
				A1F7E816148C9BBF0088F366 /* MainWindow.xib in Resources */,
				A1F7E818148C9BCB0088F366 /* MainWindow.xib in Resources */,
				A1F7E81A148C9BF60088F366 /* MainWindow.xib in Resources */,
				A1F7E822148C9E940088F366 /* MainWindow.xib in Resources */,
				A1DAD45F14983C3600004688 /* refresh.png in Resources */,
				A1DAD46314983C7C00004688 /* wrench.png in Resources */,
				1861AAB814986FC400C537FE /* VED.png in Resources */,
				1861AAD21498ACA900C537FE /* ji.png in Resources */,
				A153D5C614A2DE710060840D /* tag.png in Resources */,
			);
			runOnlyForDeploymentPostprocessing = 0;
		};
/* End PBXResourcesBuildPhase section */

/* Begin PBXSourcesBuildPhase section */
		1D60588E0D05DD3D006BFB54 /* Sources */ = {
			isa = PBXSourcesBuildPhase;
			buildActionMask = 2147483647;
			files = (
				1D60589B0D05DD56006BFB54 /* main.m in Sources */,
				1D3623260D0F684500981E51 /* PhotoAppDelegate.m in Sources */,
				A1EF3DB014441A640087972B /* PhotoScrollView.m in Sources */,
				A1EF3DAF14441A640087972B /* PhotoImageView.m in Sources */,
				A1F1FFAA146007F9005FAB2F /* PopupPanelView.m in Sources */,
				A1F1FFB014600813005FAB2F /* DBOperation.m in Sources */,
				A1F82E851462909100BED207 /* PlaylistDetailController.m in Sources */,
				184FCFBF1471F7D50082B51D /* AssetTablePicker.m in Sources */,
				184FCFC31471F7EB0082B51D /* Thumbnail.m in Sources */,
				184FCFCC1471FE410082B51D /* tagManagementController.m in Sources */,
				184FCFF9147202D70082B51D /* ThumbnailCell.m in Sources */,
				184FD004147208F20082B51D /* AnimaSelectController.m in Sources */,
				A1FF8E351484D39B00D7521C /* MyNSOperation.m in Sources */,
				A11769C214873E1A00379474 /* AlbumClass.m in Sources */,
				A11769CC1487576500379474 /* AssetRef.m in Sources */,
				A1176A4B1487ABC800379474 /* PlaylistRootViewController.m in Sources */,
				A1176A501487ABEC00379474 /* PersonRootViewController.m in Sources */,
				A1176A5F1487B14000379474 /* AssetProducer.m in Sources */,
				A1176A601487B14000379474 /* PlaylistProducer.m in Sources */,
				A138EE1D1487B2440019BF7D /* AlbumController.m in Sources */,
				A1F7E84B148CB5F90088F366 /* PhotoViewController.m in Sources */,
				A12AB1EB14974D030086C88D /* CropView.m in Sources */,
				A125B6A114A18CB8002A9CFB /* GridView.m in Sources */,
			);
			runOnlyForDeploymentPostprocessing = 0;
		};
/* End PBXSourcesBuildPhase section */

/* Begin PBXVariantGroup section */
		18D402841474E50000389097 /* Localizable.strings */ = {
			isa = PBXVariantGroup;
			children = (
				18D402831474E50000389097 /* en */,
				18D402851474E50800389097 /* zh-Hans */,
				18D4033E14750DD200389097 /* zh-Hant */,
			);
			name = Localizable.strings;
			sourceTree = "<group>";
		};
		18D402921474E55900389097 /* InfoPlist.strings */ = {
			isa = PBXVariantGroup;
			children = (
				18D402911474E55900389097 /* en */,
				18D402931474E55F00389097 /* zh-Hans */,
				18D4033D14750DCC00389097 /* zh-Hant */,
			);
			name = InfoPlist.strings;
			sourceTree = "<group>";
		};
		18D402951474E58F00389097 /* PhotoApp-Info.plist */ = {
			isa = PBXVariantGroup;
			children = (
				18D402941474E58F00389097 /* en */,
				18D402961474E59400389097 /* zh-Hans */,
				18D4033F14750DDA00389097 /* zh-Hant */,
			);
			name = "PhotoApp-Info.plist";
			sourceTree = "<group>";
		};
		18D4031E1474FC9A00389097 /* AssetTablePicker.xib */ = {
			isa = PBXVariantGroup;
			children = (
				18D4031D1474FC9A00389097 /* en */,
				18D403201474FCA800389097 /* zh-Hans */,
				18D4034014750E5E00389097 /* zh-Hant */,
			);
			name = AssetTablePicker.xib;
			sourceTree = "<group>";
		};
		18D403231474FCDA00389097 /* PlaylistDetailController.xib */ = {
			isa = PBXVariantGroup;
			children = (
				18D403221474FCDA00389097 /* en */,
				18D403271474FD1000389097 /* zh-Hans */,
				18D4033B14750CC700389097 /* zh-Hant */,
			);
			name = PlaylistDetailController.xib;
			sourceTree = "<group>";
		};
		A1F7E814148C9BBF0088F366 /* MainWindow.xib */ = {
			isa = PBXVariantGroup;
			children = (
				A1F7E815148C9BBF0088F366 /* en */,
				A1F7E819148C9BF60088F366 /* zh-Hant */,
				A1F7E821148C9E940088F366 /* zh-Hans */,
			);
			name = MainWindow.xib;
			sourceTree = "<group>";
		};
/* End PBXVariantGroup section */

/* Begin XCBuildConfiguration section */
		1D6058940D05DD3E006BFB54 /* Debug */ = {
			isa = XCBuildConfiguration;
			buildSettings = {
				ALWAYS_SEARCH_USER_PATHS = NO;
				COPY_PHASE_STRIP = NO;
				GCC_DYNAMIC_NO_PIC = NO;
				GCC_OPTIMIZATION_LEVEL = 0;
				GCC_PRECOMPILE_PREFIX_HEADER = YES;
				GCC_PREFIX_HEADER = PhotoApp_Prefix.pch;
				INFOPLIST_FILE = "PhotoApp-Info.plist";
				PRODUCT_NAME = PhotoApp;
			};
			name = Debug;
		};
		1D6058950D05DD3E006BFB54 /* Release */ = {
			isa = XCBuildConfiguration;
			buildSettings = {
				ALWAYS_SEARCH_USER_PATHS = NO;
				COPY_PHASE_STRIP = YES;
				GCC_PRECOMPILE_PREFIX_HEADER = YES;
				GCC_PREFIX_HEADER = PhotoApp_Prefix.pch;
				INFOPLIST_FILE = "PhotoApp-Info.plist";
				PRODUCT_NAME = PhotoApp;
				VALIDATE_PRODUCT = YES;
			};
			name = Release;
		};
		C01FCF4F08A954540054247B /* Debug */ = {
			isa = XCBuildConfiguration;
			buildSettings = {
				ARCHS = "$(ARCHS_STANDARD_32_BIT)";
				"CODE_SIGN_IDENTITY[sdk=iphoneos*]" = "iPhone Developer";
				GCC_C_LANGUAGE_STANDARD = c99;
				GCC_WARN_ABOUT_RETURN_TYPE = YES;
				GCC_WARN_UNUSED_VARIABLE = YES;
				IPHONEOS_DEPLOYMENT_TARGET = 4.3;
				PREBINDING = NO;
				SDKROOT = iphoneos;
			};
			name = Debug;
		};
		C01FCF5008A954540054247B /* Release */ = {
			isa = XCBuildConfiguration;
			buildSettings = {
				ARCHS = "$(ARCHS_STANDARD_32_BIT)";
				"CODE_SIGN_IDENTITY[sdk=iphoneos*]" = "iPhone Developer";
				GCC_C_LANGUAGE_STANDARD = c99;
				GCC_WARN_ABOUT_RETURN_TYPE = YES;
				GCC_WARN_UNUSED_VARIABLE = YES;
				IPHONEOS_DEPLOYMENT_TARGET = 4.3;
				OTHER_CFLAGS = "-DNS_BLOCK_ASSERTIONS=1";
				PREBINDING = NO;
				SDKROOT = iphoneos;
			};
			name = Release;
		};
/* End XCBuildConfiguration section */

/* Begin XCConfigurationList section */
		1D6058960D05DD3E006BFB54 /* Build configuration list for PBXNativeTarget "PhotoApp" */ = {
			isa = XCConfigurationList;
			buildConfigurations = (
				1D6058940D05DD3E006BFB54 /* Debug */,
				1D6058950D05DD3E006BFB54 /* Release */,
			);
			defaultConfigurationIsVisible = 0;
			defaultConfigurationName = Release;
		};
		C01FCF4E08A954540054247B /* Build configuration list for PBXProject "PhotoApp" */ = {
			isa = XCConfigurationList;
			buildConfigurations = (
				C01FCF4F08A954540054247B /* Debug */,
				C01FCF5008A954540054247B /* Release */,
			);
			defaultConfigurationIsVisible = 0;
			defaultConfigurationName = Release;
		};
/* End XCConfigurationList section */
	};
	rootObject = 29B97313FDCFA39411CA2CEA /* Project object */;
}
